
Microsoft Visual Studio Solution File, Format Version 12.00
# Visual Studio 14
VisualStudioVersion = 14.0.25420.1
MinimumVisualStudioVersion = 10.0.40219.1
Project("{FAE04EC0-301F-11D3-BF4B-00C04F79EFBC}") = "OfficeJsSnippetsService", "src\OfficeJsSnippetsService\OfficeJsSnippetsService.csproj", "{C92D67A1-DFCC-49E8-9DD9-F21942E0EC6F}"
EndProject
Project("{FAE04EC0-301F-11D3-BF4B-00C04F79EFBC}") = "OfficeJsSnippetsService.Test", "test\OfficeJsSnippetsService.Test\OfficeJsSnippetsService.Test.csproj", "{15B45580-63DE-4139-90AF-DE5A65124E50}"
EndProject
Project("{2150E333-8FDC-42A3-9474-1A3956D46DE8}") = "src", "src", "{FA9419F2-82BC-4DAE-AAFE-4345855ADAA5}"
EndProject
Project("{2150E333-8FDC-42A3-9474-1A3956D46DE8}") = "test", "test", "{294D680F-6A10-4786-9335-258C0BBBA497}"
EndProject
Global
	GlobalSection(SolutionConfigurationPlatforms) = preSolution
		Debug|Any CPU = Debug|Any CPU
		Release|Any CPU = Release|Any CPU
	EndGlobalSection
	GlobalSection(ProjectConfigurationPlatforms) = postSolution
		{C92D67A1-DFCC-49E8-9DD9-F21942E0EC6F}.Debug|Any CPU.ActiveCfg = Debug|Any CPU
		{C92D67A1-DFCC-49E8-9DD9-F21942E0EC6F}.Debug|Any CPU.Build.0 = Debug|Any CPU
		{C92D67A1-DFCC-49E8-9DD9-F21942E0EC6F}.Release|Any CPU.ActiveCfg = Release|Any CPU
		{C92D67A1-DFCC-49E8-9DD9-F21942E0EC6F}.Release|Any CPU.Build.0 = Release|Any CPU
		{15B45580-63DE-4139-90AF-DE5A65124E50}.Debug|Any CPU.ActiveCfg = Debug|Any CPU
		{15B45580-63DE-4139-90AF-DE5A65124E50}.Debug|Any CPU.Build.0 = Debug|Any CPU
		{15B45580-63DE-4139-90AF-DE5A65124E50}.Release|Any CPU.ActiveCfg = Release|Any CPU
		{15B45580-63DE-4139-90AF-DE5A65124E50}.Release|Any CPU.Build.0 = Release|Any CPU
	EndGlobalSection
	GlobalSection(SolutionProperties) = preSolution
		HideSolutionNode = FALSE
	EndGlobalSection
	GlobalSection(NestedProjects) = preSolution
		{C92D67A1-DFCC-49E8-9DD9-F21942E0EC6F} = {FA9419F2-82BC-4DAE-AAFE-4345855ADAA5}
		{15B45580-63DE-4139-90AF-DE5A65124E50} = {294D680F-6A10-4786-9335-258C0BBBA497}
	EndGlobalSection
EndGlobal
